
Microsoft Visual Studio Solution File, Format Version 11.00
# Visual Studio 2010
Project("{FAE04EC0-301F-11D3-BF4B-00C04F79EFBC}") = "MediaJigsaw", "MediaJigsaw\MediaJigsaw.csproj", "{FADE9CC7-2BB7-442F-B1CD-F7A517B58A6D}"
EndProject
Project("{FAE04EC0-301F-11D3-BF4B-00C04F79EFBC}") = "MediaJigsaw.Tests", "MediaJigsawPuzzel.Tests\MediaJigsaw.Tests.csproj", "{31B9A846-B8E6-4059-BDAD-137DDC578F96}"
EndProject
Project("{2150E333-8FDC-42A3-9474-1A3956D46DE8}") = "Solution Items", "Solution Items", "{23F22FE9-0DA3-4A85-A8D3-3793B0257D1C}"
	ProjectSection(SolutionItems) = preProject
		Local.testsettings = Local.testsettings
		MediaJigsaw.vsmdi = MediaJigsaw.vsmdi
		TraceAndTestImpact.testsettings = TraceAndTestImpact.testsettings
	EndProjectSection
EndProject
Project("{FAE04EC0-301F-11D3-BF4B-00C04F79EFBC}") = "MediaJigsaw.Model", "MediaJigsaw.Model\MediaJigsaw.Model.csproj", "{29E688E5-C305-43A4-A491-E13308F6ED7A}"
EndProject
Global
	GlobalSection(TestCaseManagementSettings) = postSolution
		CategoryFile = MediaJigsaw.vsmdi
	EndGlobalSection
	GlobalSection(SolutionConfigurationPlatforms) = preSolution
		Debug|Any CPU = Debug|Any CPU
		Debug|Mixed Platforms = Debug|Mixed Platforms
		Debug|x86 = Debug|x86
		Release|Any CPU = Release|Any CPU
		Release|Mixed Platforms = Release|Mixed Platforms
		Release|x86 = Release|x86
	EndGlobalSection
	GlobalSection(ProjectConfigurationPlatforms) = postSolution
		{FADE9CC7-2BB7-442F-B1CD-F7A517B58A6D}.Debug|Any CPU.ActiveCfg = Debug|x86
		{FADE9CC7-2BB7-442F-B1CD-F7A517B58A6D}.Debug|Mixed Platforms.ActiveCfg = Debug|x86
		{FADE9CC7-2BB7-442F-B1CD-F7A517B58A6D}.Debug|Mixed Platforms.Build.0 = Debug|x86
		{FADE9CC7-2BB7-442F-B1CD-F7A517B58A6D}.Debug|x86.ActiveCfg = Debug|x86
		{FADE9CC7-2BB7-442F-B1CD-F7A517B58A6D}.Debug|x86.Build.0 = Debug|x86
		{FADE9CC7-2BB7-442F-B1CD-F7A517B58A6D}.Release|Any CPU.ActiveCfg = Release|x86
		{FADE9CC7-2BB7-442F-B1CD-F7A517B58A6D}.Release|Mixed Platforms.ActiveCfg = Release|x86
		{FADE9CC7-2BB7-442F-B1CD-F7A517B58A6D}.Release|Mixed Platforms.Build.0 = Release|x86
		{FADE9CC7-2BB7-442F-B1CD-F7A517B58A6D}.Release|x86.ActiveCfg = Release|x86
		{FADE9CC7-2BB7-442F-B1CD-F7A517B58A6D}.Release|x86.Build.0 = Release|x86
		{31B9A846-B8E6-4059-BDAD-137DDC578F96}.Debug|Any CPU.ActiveCfg = Debug|Any CPU
		{31B9A846-B8E6-4059-BDAD-137DDC578F96}.Debug|Any CPU.Build.0 = Debug|Any CPU
		{31B9A846-B8E6-4059-BDAD-137DDC578F96}.Debug|Mixed Platforms.ActiveCfg = Debug|Any CPU
		{31B9A846-B8E6-4059-BDAD-137DDC578F96}.Debug|Mixed Platforms.Build.0 = Debug|Any CPU
		{31B9A846-B8E6-4059-BDAD-137DDC578F96}.Debug|x86.ActiveCfg = Debug|Any CPU
		{31B9A846-B8E6-4059-BDAD-137DDC578F96}.Release|Any CPU.ActiveCfg = Release|Any CPU
		{31B9A846-B8E6-4059-BDAD-137DDC578F96}.Release|Any CPU.Build.0 = Release|Any CPU
		{31B9A846-B8E6-4059-BDAD-137DDC578F96}.Release|Mixed Platforms.ActiveCfg = Release|Any CPU
		{31B9A846-B8E6-4059-BDAD-137DDC578F96}.Release|Mixed Platforms.Build.0 = Release|Any CPU
		{31B9A846-B8E6-4059-BDAD-137DDC578F96}.Release|x86.ActiveCfg = Release|Any CPU
		{29E688E5-C305-43A4-A491-E13308F6ED7A}.Debug|Any CPU.ActiveCfg = Debug|Any CPU
		{29E688E5-C305-43A4-A491-E13308F6ED7A}.Debug|Any CPU.Build.0 = Debug|Any CPU
		{29E688E5-C305-43A4-A491-E13308F6ED7A}.Debug|Mixed Platforms.ActiveCfg = Debug|Any CPU
		{29E688E5-C305-43A4-A491-E13308F6ED7A}.Debug|Mixed Platforms.Build.0 = Debug|Any CPU
		{29E688E5-C305-43A4-A491-E13308F6ED7A}.Debug|x86.ActiveCfg = Debug|Any CPU
		{29E688E5-C305-43A4-A491-E13308F6ED7A}.Release|Any CPU.ActiveCfg = Release|Any CPU
		{29E688E5-C305-43A4-A491-E13308F6ED7A}.Release|Any CPU.Build.0 = Release|Any CPU
		{29E688E5-C305-43A4-A491-E13308F6ED7A}.Release|Mixed Platforms.ActiveCfg = Release|Any CPU
		{29E688E5-C305-43A4-A491-E13308F6ED7A}.Release|Mixed Platforms.Build.0 = Release|Any CPU
		{29E688E5-C305-43A4-A491-E13308F6ED7A}.Release|x86.ActiveCfg = Release|Any CPU
	EndGlobalSection
	GlobalSection(SolutionProperties) = preSolution
		HideSolutionNode = FALSE
	EndGlobalSection
EndGlobal
